// !$*UTF8*$!
{
	archiveVersion = 1;
	classes = {
	};
	objectVersion = 56;
	objects = {

/* Begin PBXBuildFile section */
		F9645962293C948500AA995B /* main.cpp in Sources */ = {isa = PBXBuildFile; fileRef = F9645961293C948500AA995B /* main.cpp */; };
		F964596D293C94BC00AA995B /* Triangle.cpp in Sources */ = {isa = PBXBuildFile; fileRef = F964596A293C94BB00AA995B /* Triangle.cpp */; };
		F964596E293C94BC00AA995B /* rasterizer.cpp in Sources */ = {isa = PBXBuildFile; fileRef = F964596C293C94BC00AA995B /* rasterizer.cpp */; };
		F97C5CE1293C98AB00F0C8E0 /* libopencv_freetype.4.6.0.dylib in Frameworks */ = {isa = PBXBuildFile; fileRef = F97C5C96293C98A000F0C8E0 /* libopencv_freetype.4.6.0.dylib */; };
		F97C5CE2293C98AC00F0C8E0 /* libippiw.a in Frameworks */ = {isa = PBXBuildFile; fileRef = F97C5C97293C98A200F0C8E0 /* libippiw.a */; };
		F97C5CE3293C98AC00F0C8E0 /* libopencv_fuzzy.4.6.0.dylib in Frameworks */ = {isa = PBXBuildFile; fileRef = F97C5C98293C98A200F0C8E0 /* libopencv_fuzzy.4.6.0.dylib */; };
		F97C5CE4293C98AC00F0C8E0 /* libopencv_features2d.4.6.0.dylib in Frameworks */ = {isa = PBXBuildFile; fileRef = F97C5C99293C98A200F0C8E0 /* libopencv_features2d.4.6.0.dylib */; };
		F97C5CE5293C98AC00F0C8E0 /* libopencv_imgcodecs.4.6.0.dylib in Frameworks */ = {isa = PBXBuildFile; fileRef = F97C5C9A293C98A200F0C8E0 /* libopencv_imgcodecs.4.6.0.dylib */; };
		F97C5CE6293C98AC00F0C8E0 /* libopencv_surface_matching.4.6.0.dylib in Frameworks */ = {isa = PBXBuildFile; fileRef = F97C5C9B293C98A200F0C8E0 /* libopencv_surface_matching.4.6.0.dylib */; };
		F97C5CE7293C98AC00F0C8E0 /* libopencv_datasets.4.6.0.dylib in Frameworks */ = {isa = PBXBuildFile; fileRef = F97C5C9C293C98A200F0C8E0 /* libopencv_datasets.4.6.0.dylib */; };
		F97C5CE8293C98AC00F0C8E0 /* libopencv_alphamat.a in Frameworks */ = {isa = PBXBuildFile; fileRef = F97C5C9E293C98A200F0C8E0 /* libopencv_alphamat.a */; };
		F97C5CE9293C98AC00F0C8E0 /* libopencv_stitching.4.6.0.dylib in Frameworks */ = {isa = PBXBuildFile; fileRef = F97C5C9F293C98A300F0C8E0 /* libopencv_stitching.4.6.0.dylib */; };
		F97C5CEA293C98AC00F0C8E0 /* libopencv_face.4.6.0.dylib in Frameworks */ = {isa = PBXBuildFile; fileRef = F97C5CA0293C98A300F0C8E0 /* libopencv_face.4.6.0.dylib */; };
		F97C5CEB293C98AC00F0C8E0 /* libittnotify.a in Frameworks */ = {isa = PBXBuildFile; fileRef = F97C5CA1293C98A300F0C8E0 /* libittnotify.a */; };
		F97C5CEC293C98AC00F0C8E0 /* libopencv_xphoto.4.6.0.dylib in Frameworks */ = {isa = PBXBuildFile; fileRef = F97C5CA2293C98A300F0C8E0 /* libopencv_xphoto.4.6.0.dylib */; };
		F97C5CED293C98AC00F0C8E0 /* libopencv_ximgproc.4.6.0.dylib in Frameworks */ = {isa = PBXBuildFile; fileRef = F97C5CA3293C98A300F0C8E0 /* libopencv_ximgproc.4.6.0.dylib */; };
		F97C5CEE293C98AC00F0C8E0 /* libopencv_barcode.a in Frameworks */ = {isa = PBXBuildFile; fileRef = F97C5CA4293C98A300F0C8E0 /* libopencv_barcode.a */; };
		F97C5CEF293C98AC00F0C8E0 /* libopencv_bioinspired.4.6.0.dylib in Frameworks */ = {isa = PBXBuildFile; fileRef = F97C5CA5293C98A300F0C8E0 /* libopencv_bioinspired.4.6.0.dylib */; };
		F97C5CF0293C98AC00F0C8E0 /* libopencv_core.a in Frameworks */ = {isa = PBXBuildFile; fileRef = F97C5CA6293C98A300F0C8E0 /* libopencv_core.a */; };
		F97C5CF1293C98AC00F0C8E0 /* libopencv_hfs.4.6.0.dylib in Frameworks */ = {isa = PBXBuildFile; fileRef = F97C5CA7293C98A300F0C8E0 /* libopencv_hfs.4.6.0.dylib */; };
		F97C5CF2293C98AC00F0C8E0 /* libopencv_flann.4.6.0.dylib in Frameworks */ = {isa = PBXBuildFile; fileRef = F97C5CA8293C98A300F0C8E0 /* libopencv_flann.4.6.0.dylib */; };
		F97C5CF3293C98AC00F0C8E0 /* libopencv_bgsegm.4.6.0.dylib in Frameworks */ = {isa = PBXBuildFile; fileRef = F97C5CA9293C98A300F0C8E0 /* libopencv_bgsegm.4.6.0.dylib */; };
		F97C5CF4293C98AC00F0C8E0 /* libopencv_plot.4.6.0.dylib in Frameworks */ = {isa = PBXBuildFile; fileRef = F97C5CAA293C98A400F0C8E0 /* libopencv_plot.4.6.0.dylib */; };
		F97C5CF5293C98AC00F0C8E0 /* libopencv_dnn.4.6.0.dylib in Frameworks */ = {isa = PBXBuildFile; fileRef = F97C5CAB293C98A400F0C8E0 /* libopencv_dnn.4.6.0.dylib */; };
		F97C5CF6293C98AC00F0C8E0 /* libopencv_saliency.4.6.0.dylib in Frameworks */ = {isa = PBXBuildFile; fileRef = F97C5CAC293C98A400F0C8E0 /* libopencv_saliency.4.6.0.dylib */; };
		F97C5CF7293C98AC00F0C8E0 /* libopencv_line_descriptor.4.6.0.dylib in Frameworks */ = {isa = PBXBuildFile; fileRef = F97C5CAD293C98A400F0C8E0 /* libopencv_line_descriptor.4.6.0.dylib */; };
		F97C5CF8293C98AC00F0C8E0 /* libopencv_imgproc.4.6.0.dylib in Frameworks */ = {isa = PBXBuildFile; fileRef = F97C5CAE293C98A400F0C8E0 /* libopencv_imgproc.4.6.0.dylib */; };
		F97C5CF9293C98AC00F0C8E0 /* libopencv_sfm.4.6.0.dylib in Frameworks */ = {isa = PBXBuildFile; fileRef = F97C5CAF293C98A600F0C8E0 /* libopencv_sfm.4.6.0.dylib */; };
		F97C5CFA293C98AC00F0C8E0 /* libopencv_ccalib.4.6.0.dylib in Frameworks */ = {isa = PBXBuildFile; fileRef = F97C5CB0293C98A700F0C8E0 /* libopencv_ccalib.4.6.0.dylib */; };
		F97C5CFB293C98AC00F0C8E0 /* libcorrespondence.a in Frameworks */ = {isa = PBXBuildFile; fileRef = F97C5CB1293C98A700F0C8E0 /* libcorrespondence.a */; };
		F97C5CFC293C98AC00F0C8E0 /* libopencv_objdetect.4.6.0.dylib in Frameworks */ = {isa = PBXBuildFile; fileRef = F97C5CB2293C98A700F0C8E0 /* libopencv_objdetect.4.6.0.dylib */; };
		F97C5CFD293C98AC00F0C8E0 /* libopencv_ccalib.a in Frameworks */ = {isa = PBXBuildFile; fileRef = F97C5CB3293C98A700F0C8E0 /* libopencv_ccalib.a */; };
		F97C5CFE293C98AC00F0C8E0 /* libopencv_dnn_objdetect.a in Frameworks */ = {isa = PBXBuildFile; fileRef = F97C5CB4293C98A700F0C8E0 /* libopencv_dnn_objdetect.a */; };
		F97C5CFF293C98AC00F0C8E0 /* libopencv_xobjdetect.4.6.0.dylib in Frameworks */ = {isa = PBXBuildFile; fileRef = F97C5CB5293C98A700F0C8E0 /* libopencv_xobjdetect.4.6.0.dylib */; };
		F97C5D00293C98AC00F0C8E0 /* libopencv_optflow.4.6.0.dylib in Frameworks */ = {isa = PBXBuildFile; fileRef = F97C5CB6293C98A700F0C8E0 /* libopencv_optflow.4.6.0.dylib */; };
		F97C5D01293C98AC00F0C8E0 /* libopencv_dnn_superres.a in Frameworks */ = {isa = PBXBuildFile; fileRef = F97C5CB7293C98A700F0C8E0 /* libopencv_dnn_superres.a */; };
		F97C5D02293C98AC00F0C8E0 /* libopencv_datasets.a in Frameworks */ = {isa = PBXBuildFile; fileRef = F97C5CB8293C98A700F0C8E0 /* libopencv_datasets.a */; };
		F97C5D03293C98AC00F0C8E0 /* libopencv_text.4.6.0.dylib in Frameworks */ = {isa = PBXBuildFile; fileRef = F97C5CB9293C98A800F0C8E0 /* libopencv_text.4.6.0.dylib */; };
		F97C5D04293C98AC00F0C8E0 /* libopencv_img_hash.4.6.0.dylib in Frameworks */ = {isa = PBXBuildFile; fileRef = F97C5CBA293C98A800F0C8E0 /* libopencv_img_hash.4.6.0.dylib */; };
		F97C5D05293C98AC00F0C8E0 /* libopencv_bgsegm.a in Frameworks */ = {isa = PBXBuildFile; fileRef = F97C5CBB293C98A800F0C8E0 /* libopencv_bgsegm.a */; };
		F97C5D06293C98AC00F0C8E0 /* libopencv_superres.4.6.0.dylib in Frameworks */ = {isa = PBXBuildFile; fileRef = F97C5CBC293C98A800F0C8E0 /* libopencv_superres.4.6.0.dylib */; };
		F97C5D07293C98AC00F0C8E0 /* libippicv.a in Frameworks */ = {isa = PBXBuildFile; fileRef = F97C5CBD293C98A800F0C8E0 /* libippicv.a */; };
		F97C5D08293C98AC00F0C8E0 /* libopencv_mcc.4.6.0.dylib in Frameworks */ = {isa = PBXBuildFile; fileRef = F97C5CBE293C98A800F0C8E0 /* libopencv_mcc.4.6.0.dylib */; };
		F97C5D09293C98AC00F0C8E0 /* libopencv_intensity_transform.4.6.0.dylib in Frameworks */ = {isa = PBXBuildFile; fileRef = F97C5CBF293C98A800F0C8E0 /* libopencv_intensity_transform.4.6.0.dylib */; };
		F97C5D0A293C98AC00F0C8E0 /* libopencv_dpm.4.6.0.dylib in Frameworks */ = {isa = PBXBuildFile; fileRef = F97C5CC0293C98A800F0C8E0 /* libopencv_dpm.4.6.0.dylib */; };
		F97C5D0B293C98AC00F0C8E0 /* libopencv_wechat_qrcode.4.6.0.dylib in Frameworks */ = {isa = PBXBuildFile; fileRef = F97C5CC1293C98A800F0C8E0 /* libopencv_wechat_qrcode.4.6.0.dylib */; };
		F97C5D0C293C98AC00F0C8E0 /* libopencv_calib3d.a in Frameworks */ = {isa = PBXBuildFile; fileRef = F97C5CC2293C98A800F0C8E0 /* libopencv_calib3d.a */; };
		F97C5D0D293C98AC00F0C8E0 /* libopencv_gapi.4.6.0.dylib in Frameworks */ = {isa = PBXBuildFile; fileRef = F97C5CC3293C98A900F0C8E0 /* libopencv_gapi.4.6.0.dylib */; };
		F97C5D0E293C98AC00F0C8E0 /* libopencv_videostab.4.6.0.dylib in Frameworks */ = {isa = PBXBuildFile; fileRef = F97C5CC4293C98A900F0C8E0 /* libopencv_videostab.4.6.0.dylib */; };
		F97C5D0F293C98AC00F0C8E0 /* libopencv_barcode.4.6.0.dylib in Frameworks */ = {isa = PBXBuildFile; fileRef = F97C5CC5293C98A900F0C8E0 /* libopencv_barcode.4.6.0.dylib */; };
		F97C5D10293C98AC00F0C8E0 /* libopencv_dnn_superres.4.6.0.dylib in Frameworks */ = {isa = PBXBuildFile; fileRef = F97C5CC6293C98A900F0C8E0 /* libopencv_dnn_superres.4.6.0.dylib */; };
		F97C5D11293C98AC00F0C8E0 /* libopencv_rapid.4.6.0.dylib in Frameworks */ = {isa = PBXBuildFile; fileRef = F97C5CC7293C98A900F0C8E0 /* libopencv_rapid.4.6.0.dylib */; };
		F97C5D12293C98AC00F0C8E0 /* libmultiview.a in Frameworks */ = {isa = PBXBuildFile; fileRef = F97C5CC8293C98A900F0C8E0 /* libmultiview.a */; };
		F97C5D13293C98AC00F0C8E0 /* libopencv_quality.4.6.0.dylib in Frameworks */ = {isa = PBXBuildFile; fileRef = F97C5CC9293C98A900F0C8E0 /* libopencv_quality.4.6.0.dylib */; };
		F97C5D14293C98AC00F0C8E0 /* libopencv_shape.4.6.0.dylib in Frameworks */ = {isa = PBXBuildFile; fileRef = F97C5CCA293C98A900F0C8E0 /* libopencv_shape.4.6.0.dylib */; };
		F97C5D15293C98AC00F0C8E0 /* libopencv_bioinspired.a in Frameworks */ = {isa = PBXBuildFile; fileRef = F97C5CCB293C98A900F0C8E0 /* libopencv_bioinspired.a */; };
		F97C5D16293C98AC00F0C8E0 /* libopencv_aruco.a in Frameworks */ = {isa = PBXBuildFile; fileRef = F97C5CCC293C98AA00F0C8E0 /* libopencv_aruco.a */; };
		F97C5D17293C98AC00F0C8E0 /* libopencv_viz.4.6.0.dylib in Frameworks */ = {isa = PBXBuildFile; fileRef = F97C5CCD293C98AA00F0C8E0 /* libopencv_viz.4.6.0.dylib */; };
		F97C5D18293C98AC00F0C8E0 /* libopencv_calib3d.4.6.0.dylib in Frameworks */ = {isa = PBXBuildFile; fileRef = F97C5CCE293C98AA00F0C8E0 /* libopencv_calib3d.4.6.0.dylib */; };
		F97C5D19293C98AC00F0C8E0 /* libopencv_structured_light.4.6.0.dylib in Frameworks */ = {isa = PBXBuildFile; fileRef = F97C5CCF293C98AA00F0C8E0 /* libopencv_structured_light.4.6.0.dylib */; };
		F97C5D1A293C98AC00F0C8E0 /* libopencv_reg.4.6.0.dylib in Frameworks */ = {isa = PBXBuildFile; fileRef = F97C5CD0293C98AA00F0C8E0 /* libopencv_reg.4.6.0.dylib */; };
		F97C5D1B293C98AC00F0C8E0 /* libopencv_highgui.4.6.0.dylib in Frameworks */ = {isa = PBXBuildFile; fileRef = F97C5CD1293C98AA00F0C8E0 /* libopencv_highgui.4.6.0.dylib */; };
		F97C5D1C293C98AC00F0C8E0 /* libopencv_xfeatures2d.4.6.0.dylib in Frameworks */ = {isa = PBXBuildFile; fileRef = F97C5CD2293C98AA00F0C8E0 /* libopencv_xfeatures2d.4.6.0.dylib */; };
		F97C5D1D293C98AC00F0C8E0 /* libopencv_aruco.4.6.0.dylib in Frameworks */ = {isa = PBXBuildFile; fileRef = F97C5CD3293C98AA00F0C8E0 /* libopencv_aruco.4.6.0.dylib */; };
		F97C5D1E293C98AC00F0C8E0 /* libopencv_phase_unwrapping.4.6.0.dylib in Frameworks */ = {isa = PBXBuildFile; fileRef = F97C5CD4293C98AA00F0C8E0 /* libopencv_phase_unwrapping.4.6.0.dylib */; };
		F97C5D1F293C98AC00F0C8E0 /* libopencv_ml.4.6.0.dylib in Frameworks */ = {isa = PBXBuildFile; fileRef = F97C5CD5293C98AA00F0C8E0 /* libopencv_ml.4.6.0.dylib */; };
		F97C5D20293C98AC00F0C8E0 /* libopencv_photo.4.6.0.dylib in Frameworks */ = {isa = PBXBuildFile; fileRef = F97C5CD6293C98AA00F0C8E0 /* libopencv_photo.4.6.0.dylib */; };
		F97C5D21293C98AC00F0C8E0 /* libopencv_core.4.6.0.dylib in Frameworks */ = {isa = PBXBuildFile; fileRef = F97C5CD7293C98AB00F0C8E0 /* libopencv_core.4.6.0.dylib */; };
		F97C5D22293C98AC00F0C8E0 /* libade.a in Frameworks */ = {isa = PBXBuildFile; fileRef = F97C5CD8293C98AB00F0C8E0 /* libade.a */; };
		F97C5D23293C98AC00F0C8E0 /* libnumeric.a in Frameworks */ = {isa = PBXBuildFile; fileRef = F97C5CD9293C98AB00F0C8E0 /* libnumeric.a */; };
		F97C5D24293C98AC00F0C8E0 /* libopencv_video.4.6.0.dylib in Frameworks */ = {isa = PBXBuildFile; fileRef = F97C5CDA293C98AB00F0C8E0 /* libopencv_video.4.6.0.dylib */; };
		F97C5D25293C98AC00F0C8E0 /* libopencv_dnn_objdetect.4.6.0.dylib in Frameworks */ = {isa = PBXBuildFile; fileRef = F97C5CDB293C98AB00F0C8E0 /* libopencv_dnn_objdetect.4.6.0.dylib */; };
		F97C5D26293C98AC00F0C8E0 /* libopencv_tracking.4.6.0.dylib in Frameworks */ = {isa = PBXBuildFile; fileRef = F97C5CDC293C98AB00F0C8E0 /* libopencv_tracking.4.6.0.dylib */; };
		F97C5D27293C98AC00F0C8E0 /* libopencv_stereo.4.6.0.dylib in Frameworks */ = {isa = PBXBuildFile; fileRef = F97C5CDD293C98AB00F0C8E0 /* libopencv_stereo.4.6.0.dylib */; };
		F97C5D28293C98AC00F0C8E0 /* libopencv_videoio.4.6.0.dylib in Frameworks */ = {isa = PBXBuildFile; fileRef = F97C5CDE293C98AB00F0C8E0 /* libopencv_videoio.4.6.0.dylib */; };
		F97C5D29293C98AC00F0C8E0 /* libopencv_rgbd.4.6.0.dylib in Frameworks */ = {isa = PBXBuildFile; fileRef = F97C5CDF293C98AB00F0C8E0 /* libopencv_rgbd.4.6.0.dylib */; };
		F97C5D2A293C98AC00F0C8E0 /* libopencv_alphamat.4.6.0.dylib in Frameworks */ = {isa = PBXBuildFile; fileRef = F97C5CE0293C98AB00F0C8E0 /* libopencv_alphamat.4.6.0.dylib */; };
/* End PBXBuildFile section */

/* Begin PBXCopyFilesBuildPhase section */
		F964595C293C948400AA995B /* CopyFiles */ = {
			isa = PBXCopyFilesBuildPhase;
			buildActionMask = 2147483647;
			dstPath = /usr/share/man/man1/;
			dstSubfolderSpec = 0;
			files = (
			);
			runOnlyForDeploymentPostprocessing = 1;
		};
/* End PBXCopyFilesBuildPhase section */

/* Begin PBXFileReference section */
		F964595E293C948400AA995B /* Assignment1 */ = {isa = PBXFileReference; explicitFileType = "compiled.mach-o.executable"; includeInIndex = 0; path = Assignment1; sourceTree = BUILT_PRODUCTS_DIR; };
		F9645961293C948500AA995B /* main.cpp */ = {isa = PBXFileReference; lastKnownFileType = sourcecode.cpp.cpp; path = main.cpp; sourceTree = "<group>"; };
		F9645968293C94AC00AA995B /* instruction.pdf */ = {isa = PBXFileReference; lastKnownFileType = image.pdf; path = instruction.pdf; sourceTree = "<group>"; };
		F9645969293C94BB00AA995B /* rasterizer.hpp */ = {isa = PBXFileReference; fileEncoding = 4; lastKnownFileType = sourcecode.cpp.h; path = rasterizer.hpp; sourceTree = "<group>"; };
		F964596A293C94BB00AA995B /* Triangle.cpp */ = {isa = PBXFileReference; fileEncoding = 4; lastKnownFileType = sourcecode.cpp.cpp; path = Triangle.cpp; sourceTree = "<group>"; };
		F964596B293C94BC00AA995B /* Triangle.hpp */ = {isa = PBXFileReference; fileEncoding = 4; lastKnownFileType = sourcecode.cpp.h; path = Triangle.hpp; sourceTree = "<group>"; };
		F964596C293C94BC00AA995B /* rasterizer.cpp */ = {isa = PBXFileReference; fileEncoding = 4; lastKnownFileType = sourcecode.cpp.cpp; path = rasterizer.cpp; sourceTree = "<group>"; };
		F97C5C96293C98A000F0C8E0 /* libopencv_freetype.4.6.0.dylib */ = {isa = PBXFileReference; lastKnownFileType = "compiled.mach-o.dylib"; name = libopencv_freetype.4.6.0.dylib; path = ../../../../../../usr/local/Cellar/opencv/4.6.0/lib/libopencv_freetype.4.6.0.dylib; sourceTree = "<group>"; };
		F97C5C97293C98A200F0C8E0 /* libippiw.a */ = {isa = PBXFileReference; lastKnownFileType = archive.ar; name = libippiw.a; path = ../../../../../../usr/local/Cellar/opencv/4.6.0/lib/libippiw.a; sourceTree = "<group>"; };
		F97C5C98293C98A200F0C8E0 /* libopencv_fuzzy.4.6.0.dylib */ = {isa = PBXFileReference; lastKnownFileType = "compiled.mach-o.dylib"; name = libopencv_fuzzy.4.6.0.dylib; path = ../../../../../../usr/local/Cellar/opencv/4.6.0/lib/libopencv_fuzzy.4.6.0.dylib; sourceTree = "<group>"; };
		F97C5C99293C98A200F0C8E0 /* libopencv_features2d.4.6.0.dylib */ = {isa = PBXFileReference; lastKnownFileType = "compiled.mach-o.dylib"; name = libopencv_features2d.4.6.0.dylib; path = ../../../../../../usr/local/Cellar/opencv/4.6.0/lib/libopencv_features2d.4.6.0.dylib; sourceTree = "<group>"; };
		F97C5C9A293C98A200F0C8E0 /* libopencv_imgcodecs.4.6.0.dylib */ = {isa = PBXFileReference; lastKnownFileType = "compiled.mach-o.dylib"; name = libopencv_imgcodecs.4.6.0.dylib; path = ../../../../../../usr/local/Cellar/opencv/4.6.0/lib/libopencv_imgcodecs.4.6.0.dylib; sourceTree = "<group>"; };
		F97C5C9B293C98A200F0C8E0 /* libopencv_surface_matching.4.6.0.dylib */ = {isa = PBXFileReference; lastKnownFileType = "compiled.mach-o.dylib"; name = libopencv_surface_matching.4.6.0.dylib; path = ../../../../../../usr/local/Cellar/opencv/4.6.0/lib/libopencv_surface_matching.4.6.0.dylib; sourceTree = "<group>"; };
		F97C5C9C293C98A200F0C8E0 /* libopencv_datasets.4.6.0.dylib */ = {isa = PBXFileReference; lastKnownFileType = "compiled.mach-o.dylib"; name = libopencv_datasets.4.6.0.dylib; path = ../../../../../../usr/local/Cellar/opencv/4.6.0/lib/libopencv_datasets.4.6.0.dylib; sourceTree = "<group>"; };
		F97C5C9D293C98A200F0C8E0 /* cmake */ = {isa = PBXFileReference; lastKnownFileType = folder; name = cmake; path = ../../../../../../usr/local/Cellar/opencv/4.6.0/lib/cmake; sourceTree = "<group>"; };
		F97C5C9E293C98A200F0C8E0 /* libopencv_alphamat.a */ = {isa = PBXFileReference; lastKnownFileType = archive.ar; name = libopencv_alphamat.a; path = ../../../../../../usr/local/Cellar/opencv/4.6.0/lib/libopencv_alphamat.a; sourceTree = "<group>"; };
		F97C5C9F293C98A300F0C8E0 /* libopencv_stitching.4.6.0.dylib */ = {isa = PBXFileReference; lastKnownFileType = "compiled.mach-o.dylib"; name = libopencv_stitching.4.6.0.dylib; path = ../../../../../../usr/local/Cellar/opencv/4.6.0/lib/libopencv_stitching.4.6.0.dylib; sourceTree = "<group>"; };
		F97C5CA0293C98A300F0C8E0 /* libopencv_face.4.6.0.dylib */ = {isa = PBXFileReference; lastKnownFileType = "compiled.mach-o.dylib"; name = libopencv_face.4.6.0.dylib; path = ../../../../../../usr/local/Cellar/opencv/4.6.0/lib/libopencv_face.4.6.0.dylib; sourceTree = "<group>"; };
		F97C5CA1293C98A300F0C8E0 /* libittnotify.a */ = {isa = PBXFileReference; lastKnownFileType = archive.ar; name = libittnotify.a; path = ../../../../../../usr/local/Cellar/opencv/4.6.0/lib/libittnotify.a; sourceTree = "<group>"; };
		F97C5CA2293C98A300F0C8E0 /* libopencv_xphoto.4.6.0.dylib */ = {isa = PBXFileReference; lastKnownFileType = "compiled.mach-o.dylib"; name = libopencv_xphoto.4.6.0.dylib; path = ../../../../../../usr/local/Cellar/opencv/4.6.0/lib/libopencv_xphoto.4.6.0.dylib; sourceTree = "<group>"; };
		F97C5CA3293C98A300F0C8E0 /* libopencv_ximgproc.4.6.0.dylib */ = {isa = PBXFileReference; lastKnownFileType = "compiled.mach-o.dylib"; name = libopencv_ximgproc.4.6.0.dylib; path = ../../../../../../usr/local/Cellar/opencv/4.6.0/lib/libopencv_ximgproc.4.6.0.dylib; sourceTree = "<group>"; };
		F97C5CA4293C98A300F0C8E0 /* libopencv_barcode.a */ = {isa = PBXFileReference; lastKnownFileType = archive.ar; name = libopencv_barcode.a; path = ../../../../../../usr/local/Cellar/opencv/4.6.0/lib/libopencv_barcode.a; sourceTree = "<group>"; };
		F97C5CA5293C98A300F0C8E0 /* libopencv_bioinspired.4.6.0.dylib */ = {isa = PBXFileReference; lastKnownFileType = "compiled.mach-o.dylib"; name = libopencv_bioinspired.4.6.0.dylib; path = ../../../../../../usr/local/Cellar/opencv/4.6.0/lib/libopencv_bioinspired.4.6.0.dylib; sourceTree = "<group>"; };
		F97C5CA6293C98A300F0C8E0 /* libopencv_core.a */ = {isa = PBXFileReference; lastKnownFileType = archive.ar; name = libopencv_core.a; path = ../../../../../../usr/local/Cellar/opencv/4.6.0/lib/libopencv_core.a; sourceTree = "<group>"; };
		F97C5CA7293C98A300F0C8E0 /* libopencv_hfs.4.6.0.dylib */ = {isa = PBXFileReference; lastKnownFileType = "compiled.mach-o.dylib"; name = libopencv_hfs.4.6.0.dylib; path = ../../../../../../usr/local/Cellar/opencv/4.6.0/lib/libopencv_hfs.4.6.0.dylib; sourceTree = "<group>"; };
		F97C5CA8293C98A300F0C8E0 /* libopencv_flann.4.6.0.dylib */ = {isa = PBXFileReference; lastKnownFileType = "compiled.mach-o.dylib"; name = libopencv_flann.4.6.0.dylib; path = ../../../../../../usr/local/Cellar/opencv/4.6.0/lib/libopencv_flann.4.6.0.dylib; sourceTree = "<group>"; };
		F97C5CA9293C98A300F0C8E0 /* libopencv_bgsegm.4.6.0.dylib */ = {isa = PBXFileReference; lastKnownFileType = "compiled.mach-o.dylib"; name = libopencv_bgsegm.4.6.0.dylib; path = ../../../../../../usr/local/Cellar/opencv/4.6.0/lib/libopencv_bgsegm.4.6.0.dylib; sourceTree = "<group>"; };
		F97C5CAA293C98A400F0C8E0 /* libopencv_plot.4.6.0.dylib */ = {isa = PBXFileReference; lastKnownFileType = "compiled.mach-o.dylib"; name = libopencv_plot.4.6.0.dylib; path = ../../../../../../usr/local/Cellar/opencv/4.6.0/lib/libopencv_plot.4.6.0.dylib; sourceTree = "<group>"; };
		F97C5CAB293C98A400F0C8E0 /* libopencv_dnn.4.6.0.dylib */ = {isa = PBXFileReference; lastKnownFileType = "compiled.mach-o.dylib"; name = libopencv_dnn.4.6.0.dylib; path = ../../../../../../usr/local/Cellar/opencv/4.6.0/lib/libopencv_dnn.4.6.0.dylib; sourceTree = "<group>"; };
		F97C5CAC293C98A400F0C8E0 /* libopencv_saliency.4.6.0.dylib */ = {isa = PBXFileReference; lastKnownFileType = "compiled.mach-o.dylib"; name = libopencv_saliency.4.6.0.dylib; path = ../../../../../../usr/local/Cellar/opencv/4.6.0/lib/libopencv_saliency.4.6.0.dylib; sourceTree = "<group>"; };
		F97C5CAD293C98A400F0C8E0 /* libopencv_line_descriptor.4.6.0.dylib */ = {isa = PBXFileReference; lastKnownFileType = "compiled.mach-o.dylib"; name = libopencv_line_descriptor.4.6.0.dylib; path = ../../../../../../usr/local/Cellar/opencv/4.6.0/lib/libopencv_line_descriptor.4.6.0.dylib; sourceTree = "<group>"; };
		F97C5CAE293C98A400F0C8E0 /* libopencv_imgproc.4.6.0.dylib */ = {isa = PBXFileReference; lastKnownFileType = "compiled.mach-o.dylib"; name = libopencv_imgproc.4.6.0.dylib; path = ../../../../../../usr/local/Cellar/opencv/4.6.0/lib/libopencv_imgproc.4.6.0.dylib; sourceTree = "<group>"; };
		F97C5CAF293C98A600F0C8E0 /* libopencv_sfm.4.6.0.dylib */ = {isa = PBXFileReference; lastKnownFileType = "compiled.mach-o.dylib"; name = libopencv_sfm.4.6.0.dylib; path = ../../../../../../usr/local/Cellar/opencv/4.6.0/lib/libopencv_sfm.4.6.0.dylib; sourceTree = "<group>"; };
		F97C5CB0293C98A700F0C8E0 /* libopencv_ccalib.4.6.0.dylib */ = {isa = PBXFileReference; lastKnownFileType = "compiled.mach-o.dylib"; name = libopencv_ccalib.4.6.0.dylib; path = ../../../../../../usr/local/Cellar/opencv/4.6.0/lib/libopencv_ccalib.4.6.0.dylib; sourceTree = "<group>"; };
		F97C5CB1293C98A700F0C8E0 /* libcorrespondence.a */ = {isa = PBXFileReference; lastKnownFileType = archive.ar; name = libcorrespondence.a; path = ../../../../../../usr/local/Cellar/opencv/4.6.0/lib/libcorrespondence.a; sourceTree = "<group>"; };
		F97C5CB2293C98A700F0C8E0 /* libopencv_objdetect.4.6.0.dylib */ = {isa = PBXFileReference; lastKnownFileType = "compiled.mach-o.dylib"; name = libopencv_objdetect.4.6.0.dylib; path = ../../../../../../usr/local/Cellar/opencv/4.6.0/lib/libopencv_objdetect.4.6.0.dylib; sourceTree = "<group>"; };
		F97C5CB3293C98A700F0C8E0 /* libopencv_ccalib.a */ = {isa = PBXFileReference; lastKnownFileType = archive.ar; name = libopencv_ccalib.a; path = ../../../../../../usr/local/Cellar/opencv/4.6.0/lib/libopencv_ccalib.a; sourceTree = "<group>"; };
		F97C5CB4293C98A700F0C8E0 /* libopencv_dnn_objdetect.a */ = {isa = PBXFileReference; lastKnownFileType = archive.ar; name = libopencv_dnn_objdetect.a; path = ../../../../../../usr/local/Cellar/opencv/4.6.0/lib/libopencv_dnn_objdetect.a; sourceTree = "<group>"; };
		F97C5CB5293C98A700F0C8E0 /* libopencv_xobjdetect.4.6.0.dylib */ = {isa = PBXFileReference; lastKnownFileType = "compiled.mach-o.dylib"; name = libopencv_xobjdetect.4.6.0.dylib; path = ../../../../../../usr/local/Cellar/opencv/4.6.0/lib/libopencv_xobjdetect.4.6.0.dylib; sourceTree = "<group>"; };
		F97C5CB6293C98A700F0C8E0 /* libopencv_optflow.4.6.0.dylib */ = {isa = PBXFileReference; lastKnownFileType = "compiled.mach-o.dylib"; name = libopencv_optflow.4.6.0.dylib; path = ../../../../../../usr/local/Cellar/opencv/4.6.0/lib/libopencv_optflow.4.6.0.dylib; sourceTree = "<group>"; };
		F97C5CB7293C98A700F0C8E0 /* libopencv_dnn_superres.a */ = {isa = PBXFileReference; lastKnownFileType = archive.ar; name = libopencv_dnn_superres.a; path = ../../../../../../usr/local/Cellar/opencv/4.6.0/lib/libopencv_dnn_superres.a; sourceTree = "<group>"; };
		F97C5CB8293C98A700F0C8E0 /* libopencv_datasets.a */ = {isa = PBXFileReference; lastKnownFileType = archive.ar; name = libopencv_datasets.a; path = ../../../../../../usr/local/Cellar/opencv/4.6.0/lib/libopencv_datasets.a; sourceTree = "<group>"; };
		F97C5CB9293C98A800F0C8E0 /* libopencv_text.4.6.0.dylib */ = {isa = PBXFileReference; lastKnownFileType = "compiled.mach-o.dylib"; name = libopencv_text.4.6.0.dylib; path = ../../../../../../usr/local/Cellar/opencv/4.6.0/lib/libopencv_text.4.6.0.dylib; sourceTree = "<group>"; };
		F97C5CBA293C98A800F0C8E0 /* libopencv_img_hash.4.6.0.dylib */ = {isa = PBXFileReference; lastKnownFileType = "compiled.mach-o.dylib"; name = libopencv_img_hash.4.6.0.dylib; path = ../../../../../../usr/local/Cellar/opencv/4.6.0/lib/libopencv_img_hash.4.6.0.dylib; sourceTree = "<group>"; };
		F97C5CBB293C98A800F0C8E0 /* libopencv_bgsegm.a */ = {isa = PBXFileReference; lastKnownFileType = archive.ar; name = libopencv_bgsegm.a; path = ../../../../../../usr/local/Cellar/opencv/4.6.0/lib/libopencv_bgsegm.a; sourceTree = "<group>"; };
		F97C5CBC293C98A800F0C8E0 /* libopencv_superres.4.6.0.dylib */ = {isa = PBXFileReference; lastKnownFileType = "compiled.mach-o.dylib"; name = libopencv_superres.4.6.0.dylib; path = ../../../../../../usr/local/Cellar/opencv/4.6.0/lib/libopencv_superres.4.6.0.dylib; sourceTree = "<group>"; };
		F97C5CBD293C98A800F0C8E0 /* libippicv.a */ = {isa = PBXFileReference; lastKnownFileType = archive.ar; name = libippicv.a; path = ../../../../../../usr/local/Cellar/opencv/4.6.0/lib/libippicv.a; sourceTree = "<group>"; };
		F97C5CBE293C98A800F0C8E0 /* libopencv_mcc.4.6.0.dylib */ = {isa = PBXFileReference; lastKnownFileType = "compiled.mach-o.dylib"; name = libopencv_mcc.4.6.0.dylib; path = ../../../../../../usr/local/Cellar/opencv/4.6.0/lib/libopencv_mcc.4.6.0.dylib; sourceTree = "<group>"; };
		F97C5CBF293C98A800F0C8E0 /* libopencv_intensity_transform.4.6.0.dylib */ = {isa = PBXFileReference; lastKnownFileType = "compiled.mach-o.dylib"; name = libopencv_intensity_transform.4.6.0.dylib; path = ../../../../../../usr/local/Cellar/opencv/4.6.0/lib/libopencv_intensity_transform.4.6.0.dylib; sourceTree = "<group>"; };
		F97C5CC0293C98A800F0C8E0 /* libopencv_dpm.4.6.0.dylib */ = {isa = PBXFileReference; lastKnownFileType = "compiled.mach-o.dylib"; name = libopencv_dpm.4.6.0.dylib; path = ../../../../../../usr/local/Cellar/opencv/4.6.0/lib/libopencv_dpm.4.6.0.dylib; sourceTree = "<group>"; };
		F97C5CC1293C98A800F0C8E0 /* libopencv_wechat_qrcode.4.6.0.dylib */ = {isa = PBXFileReference; lastKnownFileType = "compiled.mach-o.dylib"; name = libopencv_wechat_qrcode.4.6.0.dylib; path = ../../../../../../usr/local/Cellar/opencv/4.6.0/lib/libopencv_wechat_qrcode.4.6.0.dylib; sourceTree = "<group>"; };
		F97C5CC2293C98A800F0C8E0 /* libopencv_calib3d.a */ = {isa = PBXFileReference; lastKnownFileType = archive.ar; name = libopencv_calib3d.a; path = ../../../../../../usr/local/Cellar/opencv/4.6.0/lib/libopencv_calib3d.a; sourceTree = "<group>"; };
		F97C5CC3293C98A900F0C8E0 /* libopencv_gapi.4.6.0.dylib */ = {isa = PBXFileReference; lastKnownFileType = "compiled.mach-o.dylib"; name = libopencv_gapi.4.6.0.dylib; path = ../../../../../../usr/local/Cellar/opencv/4.6.0/lib/libopencv_gapi.4.6.0.dylib; sourceTree = "<group>"; };
		F97C5CC4293C98A900F0C8E0 /* libopencv_videostab.4.6.0.dylib */ = {isa = PBXFileReference; lastKnownFileType = "compiled.mach-o.dylib"; name = libopencv_videostab.4.6.0.dylib; path = ../../../../../../usr/local/Cellar/opencv/4.6.0/lib/libopencv_videostab.4.6.0.dylib; sourceTree = "<group>"; };
		F97C5CC5293C98A900F0C8E0 /* libopencv_barcode.4.6.0.dylib */ = {isa = PBXFileReference; lastKnownFileType = "compiled.mach-o.dylib"; name = libopencv_barcode.4.6.0.dylib; path = ../../../../../../usr/local/Cellar/opencv/4.6.0/lib/libopencv_barcode.4.6.0.dylib; sourceTree = "<group>"; };
		F97C5CC6293C98A900F0C8E0 /* libopencv_dnn_superres.4.6.0.dylib */ = {isa = PBXFileReference; lastKnownFileType = "compiled.mach-o.dylib"; name = libopencv_dnn_superres.4.6.0.dylib; path = ../../../../../../usr/local/Cellar/opencv/4.6.0/lib/libopencv_dnn_superres.4.6.0.dylib; sourceTree = "<group>"; };
		F97C5CC7293C98A900F0C8E0 /* libopencv_rapid.4.6.0.dylib */ = {isa = PBXFileReference; lastKnownFileType = "compiled.mach-o.dylib"; name = libopencv_rapid.4.6.0.dylib; path = ../../../../../../usr/local/Cellar/opencv/4.6.0/lib/libopencv_rapid.4.6.0.dylib; sourceTree = "<group>"; };
		F97C5CC8293C98A900F0C8E0 /* libmultiview.a */ = {isa = PBXFileReference; lastKnownFileType = archive.ar; name = libmultiview.a; path = ../../../../../../usr/local/Cellar/opencv/4.6.0/lib/libmultiview.a; sourceTree = "<group>"; };
		F97C5CC9293C98A900F0C8E0 /* libopencv_quality.4.6.0.dylib */ = {isa = PBXFileReference; lastKnownFileType = "compiled.mach-o.dylib"; name = libopencv_quality.4.6.0.dylib; path = ../../../../../../usr/local/Cellar/opencv/4.6.0/lib/libopencv_quality.4.6.0.dylib; sourceTree = "<group>"; };
		F97C5CCA293C98A900F0C8E0 /* libopencv_shape.4.6.0.dylib */ = {isa = PBXFileReference; lastKnownFileType = "compiled.mach-o.dylib"; name = libopencv_shape.4.6.0.dylib; path = ../../../../../../usr/local/Cellar/opencv/4.6.0/lib/libopencv_shape.4.6.0.dylib; sourceTree = "<group>"; };
		F97C5CCB293C98A900F0C8E0 /* libopencv_bioinspired.a */ = {isa = PBXFileReference; lastKnownFileType = archive.ar; name = libopencv_bioinspired.a; path = ../../../../../../usr/local/Cellar/opencv/4.6.0/lib/libopencv_bioinspired.a; sourceTree = "<group>"; };
		F97C5CCC293C98AA00F0C8E0 /* libopencv_aruco.a */ = {isa = PBXFileReference; lastKnownFileType = archive.ar; name = libopencv_aruco.a; path = ../../../../../../usr/local/Cellar/opencv/4.6.0/lib/libopencv_aruco.a; sourceTree = "<group>"; };
		F97C5CCD293C98AA00F0C8E0 /* libopencv_viz.4.6.0.dylib */ = {isa = PBXFileReference; lastKnownFileType = "compiled.mach-o.dylib"; name = libopencv_viz.4.6.0.dylib; path = ../../../../../../usr/local/Cellar/opencv/4.6.0/lib/libopencv_viz.4.6.0.dylib; sourceTree = "<group>"; };
		F97C5CCE293C98AA00F0C8E0 /* libopencv_calib3d.4.6.0.dylib */ = {isa = PBXFileReference; lastKnownFileType = "compiled.mach-o.dylib"; name = libopencv_calib3d.4.6.0.dylib; path = ../../../../../../usr/local/Cellar/opencv/4.6.0/lib/libopencv_calib3d.4.6.0.dylib; sourceTree = "<group>"; };
		F97C5CCF293C98AA00F0C8E0 /* libopencv_structured_light.4.6.0.dylib */ = {isa = PBXFileReference; lastKnownFileType = "compiled.mach-o.dylib"; name = libopencv_structured_light.4.6.0.dylib; path = ../../../../../../usr/local/Cellar/opencv/4.6.0/lib/libopencv_structured_light.4.6.0.dylib; sourceTree = "<group>"; };
		F97C5CD0293C98AA00F0C8E0 /* libopencv_reg.4.6.0.dylib */ = {isa = PBXFileReference; lastKnownFileType = "compiled.mach-o.dylib"; name = libopencv_reg.4.6.0.dylib; path = ../../../../../../usr/local/Cellar/opencv/4.6.0/lib/libopencv_reg.4.6.0.dylib; sourceTree = "<group>"; };
		F97C5CD1293C98AA00F0C8E0 /* libopencv_highgui.4.6.0.dylib */ = {isa = PBXFileReference; lastKnownFileType = "compiled.mach-o.dylib"; name = libopencv_highgui.4.6.0.dylib; path = ../../../../../../usr/local/Cellar/opencv/4.6.0/lib/libopencv_highgui.4.6.0.dylib; sourceTree = "<group>"; };
		F97C5CD2293C98AA00F0C8E0 /* libopencv_xfeatures2d.4.6.0.dylib */ = {isa = PBXFileReference; lastKnownFileType = "compiled.mach-o.dylib"; name = libopencv_xfeatures2d.4.6.0.dylib; path = ../../../../../../usr/local/Cellar/opencv/4.6.0/lib/libopencv_xfeatures2d.4.6.0.dylib; sourceTree = "<group>"; };
		F97C5CD3293C98AA00F0C8E0 /* libopencv_aruco.4.6.0.dylib */ = {isa = PBXFileReference; lastKnownFileType = "compiled.mach-o.dylib"; name = libopencv_aruco.4.6.0.dylib; path = ../../../../../../usr/local/Cellar/opencv/4.6.0/lib/libopencv_aruco.4.6.0.dylib; sourceTree = "<group>"; };
		F97C5CD4293C98AA00F0C8E0 /* libopencv_phase_unwrapping.4.6.0.dylib */ = {isa = PBXFileReference; lastKnownFileType = "compiled.mach-o.dylib"; name = libopencv_phase_unwrapping.4.6.0.dylib; path = ../../../../../../usr/local/Cellar/opencv/4.6.0/lib/libopencv_phase_unwrapping.4.6.0.dylib; sourceTree = "<group>"; };
		F97C5CD5293C98AA00F0C8E0 /* libopencv_ml.4.6.0.dylib */ = {isa = PBXFileReference; lastKnownFileType = "compiled.mach-o.dylib"; name = libopencv_ml.4.6.0.dylib; path = ../../../../../../usr/local/Cellar/opencv/4.6.0/lib/libopencv_ml.4.6.0.dylib; sourceTree = "<group>"; };
		F97C5CD6293C98AA00F0C8E0 /* libopencv_photo.4.6.0.dylib */ = {isa = PBXFileReference; lastKnownFileType = "compiled.mach-o.dylib"; name = libopencv_photo.4.6.0.dylib; path = ../../../../../../usr/local/Cellar/opencv/4.6.0/lib/libopencv_photo.4.6.0.dylib; sourceTree = "<group>"; };
		F97C5CD7293C98AB00F0C8E0 /* libopencv_core.4.6.0.dylib */ = {isa = PBXFileReference; lastKnownFileType = "compiled.mach-o.dylib"; name = libopencv_core.4.6.0.dylib; path = ../../../../../../usr/local/Cellar/opencv/4.6.0/lib/libopencv_core.4.6.0.dylib; sourceTree = "<group>"; };
		F97C5CD8293C98AB00F0C8E0 /* libade.a */ = {isa = PBXFileReference; lastKnownFileType = archive.ar; name = libade.a; path = ../../../../../../usr/local/Cellar/opencv/4.6.0/lib/libade.a; sourceTree = "<group>"; };
		F97C5CD9293C98AB00F0C8E0 /* libnumeric.a */ = {isa = PBXFileReference; lastKnownFileType = archive.ar; name = libnumeric.a; path = ../../../../../../usr/local/Cellar/opencv/4.6.0/lib/libnumeric.a; sourceTree = "<group>"; };
		F97C5CDA293C98AB00F0C8E0 /* libopencv_video.4.6.0.dylib */ = {isa = PBXFileReference; lastKnownFileType = "compiled.mach-o.dylib"; name = libopencv_video.4.6.0.dylib; path = ../../../../../../usr/local/Cellar/opencv/4.6.0/lib/libopencv_video.4.6.0.dylib; sourceTree = "<group>"; };
		F97C5CDB293C98AB00F0C8E0 /* libopencv_dnn_objdetect.4.6.0.dylib */ = {isa = PBXFileReference; lastKnownFileType = "compiled.mach-o.dylib"; name = libopencv_dnn_objdetect.4.6.0.dylib; path = ../../../../../../usr/local/Cellar/opencv/4.6.0/lib/libopencv_dnn_objdetect.4.6.0.dylib; sourceTree = "<group>"; };
		F97C5CDC293C98AB00F0C8E0 /* libopencv_tracking.4.6.0.dylib */ = {isa = PBXFileReference; lastKnownFileType = "compiled.mach-o.dylib"; name = libopencv_tracking.4.6.0.dylib; path = ../../../../../../usr/local/Cellar/opencv/4.6.0/lib/libopencv_tracking.4.6.0.dylib; sourceTree = "<group>"; };
		F97C5CDD293C98AB00F0C8E0 /* libopencv_stereo.4.6.0.dylib */ = {isa = PBXFileReference; lastKnownFileType = "compiled.mach-o.dylib"; name = libopencv_stereo.4.6.0.dylib; path = ../../../../../../usr/local/Cellar/opencv/4.6.0/lib/libopencv_stereo.4.6.0.dylib; sourceTree = "<group>"; };
		F97C5CDE293C98AB00F0C8E0 /* libopencv_videoio.4.6.0.dylib */ = {isa = PBXFileReference; lastKnownFileType = "compiled.mach-o.dylib"; name = libopencv_videoio.4.6.0.dylib; path = ../../../../../../usr/local/Cellar/opencv/4.6.0/lib/libopencv_videoio.4.6.0.dylib; sourceTree = "<group>"; };
		F97C5CDF293C98AB00F0C8E0 /* libopencv_rgbd.4.6.0.dylib */ = {isa = PBXFileReference; lastKnownFileType = "compiled.mach-o.dylib"; name = libopencv_rgbd.4.6.0.dylib; path = ../../../../../../usr/local/Cellar/opencv/4.6.0/lib/libopencv_rgbd.4.6.0.dylib; sourceTree = "<group>"; };
		F97C5CE0293C98AB00F0C8E0 /* libopencv_alphamat.4.6.0.dylib */ = {isa = PBXFileReference; lastKnownFileType = "compiled.mach-o.dylib"; name = libopencv_alphamat.4.6.0.dylib; path = ../../../../../../usr/local/Cellar/opencv/4.6.0/lib/libopencv_alphamat.4.6.0.dylib; sourceTree = "<group>"; };
/* End PBXFileReference section */

/* Begin PBXFrameworksBuildPhase section */
		F964595B293C948400AA995B /* Frameworks */ = {
			isa = PBXFrameworksBuildPhase;
			buildActionMask = 2147483647;
			files = (
				F97C5CF9293C98AC00F0C8E0 /* libopencv_sfm.4.6.0.dylib in Frameworks */,
				F97C5D17293C98AC00F0C8E0 /* libopencv_viz.4.6.0.dylib in Frameworks */,
				F97C5CF3293C98AC00F0C8E0 /* libopencv_bgsegm.4.6.0.dylib in Frameworks */,
				F97C5D1C293C98AC00F0C8E0 /* libopencv_xfeatures2d.4.6.0.dylib in Frameworks */,
				F97C5CE9293C98AC00F0C8E0 /* libopencv_stitching.4.6.0.dylib in Frameworks */,
				F97C5CED293C98AC00F0C8E0 /* libopencv_ximgproc.4.6.0.dylib in Frameworks */,
				F97C5CEF293C98AC00F0C8E0 /* libopencv_bioinspired.4.6.0.dylib in Frameworks */,
				F97C5D10293C98AC00F0C8E0 /* libopencv_dnn_superres.4.6.0.dylib in Frameworks */,
				F97C5D27293C98AC00F0C8E0 /* libopencv_stereo.4.6.0.dylib in Frameworks */,
				F97C5CFA293C98AC00F0C8E0 /* libopencv_ccalib.4.6.0.dylib in Frameworks */,
				F97C5D05293C98AC00F0C8E0 /* libopencv_bgsegm.a in Frameworks */,
				F97C5CF1293C98AC00F0C8E0 /* libopencv_hfs.4.6.0.dylib in Frameworks */,
				F97C5D09293C98AC00F0C8E0 /* libopencv_intensity_transform.4.6.0.dylib in Frameworks */,
				F97C5D20293C98AC00F0C8E0 /* libopencv_photo.4.6.0.dylib in Frameworks */,
				F97C5D1B293C98AC00F0C8E0 /* libopencv_highgui.4.6.0.dylib in Frameworks */,
				F97C5CE6293C98AC00F0C8E0 /* libopencv_surface_matching.4.6.0.dylib in Frameworks */,
				F97C5CEA293C98AC00F0C8E0 /* libopencv_face.4.6.0.dylib in Frameworks */,
				F97C5D12293C98AC00F0C8E0 /* libmultiview.a in Frameworks */,
				F97C5D24293C98AC00F0C8E0 /* libopencv_video.4.6.0.dylib in Frameworks */,
				F97C5D0B293C98AC00F0C8E0 /* libopencv_wechat_qrcode.4.6.0.dylib in Frameworks */,
				F97C5CFB293C98AC00F0C8E0 /* libcorrespondence.a in Frameworks */,
				F97C5D0C293C98AC00F0C8E0 /* libopencv_calib3d.a in Frameworks */,
				F97C5D25293C98AC00F0C8E0 /* libopencv_dnn_objdetect.4.6.0.dylib in Frameworks */,
				F97C5D07293C98AC00F0C8E0 /* libippicv.a in Frameworks */,
				F97C5D1F293C98AC00F0C8E0 /* libopencv_ml.4.6.0.dylib in Frameworks */,
				F97C5CE4293C98AC00F0C8E0 /* libopencv_features2d.4.6.0.dylib in Frameworks */,
				F97C5CF4293C98AC00F0C8E0 /* libopencv_plot.4.6.0.dylib in Frameworks */,
				F97C5CFF293C98AC00F0C8E0 /* libopencv_xobjdetect.4.6.0.dylib in Frameworks */,
				F97C5CF7293C98AC00F0C8E0 /* libopencv_line_descriptor.4.6.0.dylib in Frameworks */,
				F97C5CEB293C98AC00F0C8E0 /* libittnotify.a in Frameworks */,
				F97C5D00293C98AC00F0C8E0 /* libopencv_optflow.4.6.0.dylib in Frameworks */,
				F97C5D15293C98AC00F0C8E0 /* libopencv_bioinspired.a in Frameworks */,
				F97C5D01293C98AC00F0C8E0 /* libopencv_dnn_superres.a in Frameworks */,
				F97C5D02293C98AC00F0C8E0 /* libopencv_datasets.a in Frameworks */,
				F97C5CFE293C98AC00F0C8E0 /* libopencv_dnn_objdetect.a in Frameworks */,
				F97C5CFC293C98AC00F0C8E0 /* libopencv_objdetect.4.6.0.dylib in Frameworks */,
				F97C5D29293C98AC00F0C8E0 /* libopencv_rgbd.4.6.0.dylib in Frameworks */,
				F97C5CF5293C98AC00F0C8E0 /* libopencv_dnn.4.6.0.dylib in Frameworks */,
				F97C5D18293C98AC00F0C8E0 /* libopencv_calib3d.4.6.0.dylib in Frameworks */,
				F97C5D2A293C98AC00F0C8E0 /* libopencv_alphamat.4.6.0.dylib in Frameworks */,
				F97C5CE5293C98AC00F0C8E0 /* libopencv_imgcodecs.4.6.0.dylib in Frameworks */,
				F97C5D0A293C98AC00F0C8E0 /* libopencv_dpm.4.6.0.dylib in Frameworks */,
				F97C5CE1293C98AB00F0C8E0 /* libopencv_freetype.4.6.0.dylib in Frameworks */,
				F97C5D0E293C98AC00F0C8E0 /* libopencv_videostab.4.6.0.dylib in Frameworks */,
				F97C5CF0293C98AC00F0C8E0 /* libopencv_core.a in Frameworks */,
				F97C5D1E293C98AC00F0C8E0 /* libopencv_phase_unwrapping.4.6.0.dylib in Frameworks */,
				F97C5CE8293C98AC00F0C8E0 /* libopencv_alphamat.a in Frameworks */,
				F97C5D08293C98AC00F0C8E0 /* libopencv_mcc.4.6.0.dylib in Frameworks */,
				F97C5D23293C98AC00F0C8E0 /* libnumeric.a in Frameworks */,
				F97C5D14293C98AC00F0C8E0 /* libopencv_shape.4.6.0.dylib in Frameworks */,
				F97C5D06293C98AC00F0C8E0 /* libopencv_superres.4.6.0.dylib in Frameworks */,
				F97C5D19293C98AC00F0C8E0 /* libopencv_structured_light.4.6.0.dylib in Frameworks */,
				F97C5CEE293C98AC00F0C8E0 /* libopencv_barcode.a in Frameworks */,
				F97C5D28293C98AC00F0C8E0 /* libopencv_videoio.4.6.0.dylib in Frameworks */,
				F97C5D1A293C98AC00F0C8E0 /* libopencv_reg.4.6.0.dylib in Frameworks */,
				F97C5CE3293C98AC00F0C8E0 /* libopencv_fuzzy.4.6.0.dylib in Frameworks */,
				F97C5CF6293C98AC00F0C8E0 /* libopencv_saliency.4.6.0.dylib in Frameworks */,
				F97C5D13293C98AC00F0C8E0 /* libopencv_quality.4.6.0.dylib in Frameworks */,
				F97C5CEC293C98AC00F0C8E0 /* libopencv_xphoto.4.6.0.dylib in Frameworks */,
				F97C5D04293C98AC00F0C8E0 /* libopencv_img_hash.4.6.0.dylib in Frameworks */,
				F97C5D21293C98AC00F0C8E0 /* libopencv_core.4.6.0.dylib in Frameworks */,
				F97C5D22293C98AC00F0C8E0 /* libade.a in Frameworks */,
				F97C5CFD293C98AC00F0C8E0 /* libopencv_ccalib.a in Frameworks */,
				F97C5D16293C98AC00F0C8E0 /* libopencv_aruco.a in Frameworks */,
				F97C5D0F293C98AC00F0C8E0 /* libopencv_barcode.4.6.0.dylib in Frameworks */,
				F97C5CE7293C98AC00F0C8E0 /* libopencv_datasets.4.6.0.dylib in Frameworks */,
				F97C5D26293C98AC00F0C8E0 /* libopencv_tracking.4.6.0.dylib in Frameworks */,
				F97C5D11293C98AC00F0C8E0 /* libopencv_rapid.4.6.0.dylib in Frameworks */,
				F97C5CF8293C98AC00F0C8E0 /* libopencv_imgproc.4.6.0.dylib in Frameworks */,
				F97C5D0D293C98AC00F0C8E0 /* libopencv_gapi.4.6.0.dylib in Frameworks */,
				F97C5CE2293C98AC00F0C8E0 /* libippiw.a in Frameworks */,
				F97C5D1D293C98AC00F0C8E0 /* libopencv_aruco.4.6.0.dylib in Frameworks */,
				F97C5D03293C98AC00F0C8E0 /* libopencv_text.4.6.0.dylib in Frameworks */,
				F97C5CF2293C98AC00F0C8E0 /* libopencv_flann.4.6.0.dylib in Frameworks */,
			);
			runOnlyForDeploymentPostprocessing = 0;
		};
/* End PBXFrameworksBuildPhase section */

/* Begin PBXGroup section */
		F9645955293C948400AA995B = {
			isa = PBXGroup;
			children = (
				F9645960293C948500AA995B /* Assignment1 */,
				F964595F293C948400AA995B /* Products */,
			);
			sourceTree = "<group>";
		};
		F964595F293C948400AA995B /* Products */ = {
			isa = PBXGroup;
			children = (
				F964595E293C948400AA995B /* Assignment1 */,
			);
			name = Products;
			sourceTree = "<group>";
		};
		F9645960293C948500AA995B /* Assignment1 */ = {
			isa = PBXGroup;
			children = (
				F9645968293C94AC00AA995B /* instruction.pdf */,
				F97C5C93293C95AE00F0C8E0 /* code */,
			);
			path = Assignment1;
			sourceTree = "<group>";
		};
		F97C5C93293C95AE00F0C8E0 /* code */ = {
			isa = PBXGroup;
			children = (
				F97C5C95293C988600F0C8E0 /* lib */,
				F964596A293C94BB00AA995B /* Triangle.cpp */,
				F964596B293C94BC00AA995B /* Triangle.hpp */,
				F9645961293C948500AA995B /* main.cpp */,
				F964596C293C94BC00AA995B /* rasterizer.cpp */,
				F9645969293C94BB00AA995B /* rasterizer.hpp */,
			);
			path = code;
			sourceTree = "<group>";
		};
		F97C5C95293C988600F0C8E0 /* lib */ = {
			isa = PBXGroup;
			children = (
				F97C5C9D293C98A200F0C8E0 /* cmake */,
				F97C5CD8293C98AB00F0C8E0 /* libade.a */,
				F97C5CB1293C98A700F0C8E0 /* libcorrespondence.a */,
				F97C5CBD293C98A800F0C8E0 /* libippicv.a */,
				F97C5C97293C98A200F0C8E0 /* libippiw.a */,
				F97C5CA1293C98A300F0C8E0 /* libittnotify.a */,
				F97C5CC8293C98A900F0C8E0 /* libmultiview.a */,
				F97C5CD9293C98AB00F0C8E0 /* libnumeric.a */,
				F97C5CE0293C98AB00F0C8E0 /* libopencv_alphamat.4.6.0.dylib */,
				F97C5C9E293C98A200F0C8E0 /* libopencv_alphamat.a */,
				F97C5CD3293C98AA00F0C8E0 /* libopencv_aruco.4.6.0.dylib */,
				F97C5CCC293C98AA00F0C8E0 /* libopencv_aruco.a */,
				F97C5CC5293C98A900F0C8E0 /* libopencv_barcode.4.6.0.dylib */,
				F97C5CA4293C98A300F0C8E0 /* libopencv_barcode.a */,
				F97C5CA9293C98A300F0C8E0 /* libopencv_bgsegm.4.6.0.dylib */,
				F97C5CBB293C98A800F0C8E0 /* libopencv_bgsegm.a */,
				F97C5CA5293C98A300F0C8E0 /* libopencv_bioinspired.4.6.0.dylib */,
				F97C5CCB293C98A900F0C8E0 /* libopencv_bioinspired.a */,
				F97C5CCE293C98AA00F0C8E0 /* libopencv_calib3d.4.6.0.dylib */,
				F97C5CC2293C98A800F0C8E0 /* libopencv_calib3d.a */,
				F97C5CB0293C98A700F0C8E0 /* libopencv_ccalib.4.6.0.dylib */,
				F97C5CB3293C98A700F0C8E0 /* libopencv_ccalib.a */,
				F97C5CD7293C98AB00F0C8E0 /* libopencv_core.4.6.0.dylib */,
				F97C5CA6293C98A300F0C8E0 /* libopencv_core.a */,
				F97C5C9C293C98A200F0C8E0 /* libopencv_datasets.4.6.0.dylib */,
				F97C5CB8293C98A700F0C8E0 /* libopencv_datasets.a */,
				F97C5CDB293C98AB00F0C8E0 /* libopencv_dnn_objdetect.4.6.0.dylib */,
				F97C5CB4293C98A700F0C8E0 /* libopencv_dnn_objdetect.a */,
				F97C5CC6293C98A900F0C8E0 /* libopencv_dnn_superres.4.6.0.dylib */,
				F97C5CB7293C98A700F0C8E0 /* libopencv_dnn_superres.a */,
				F97C5CAB293C98A400F0C8E0 /* libopencv_dnn.4.6.0.dylib */,
				F97C5CC0293C98A800F0C8E0 /* libopencv_dpm.4.6.0.dylib */,
				F97C5CA0293C98A300F0C8E0 /* libopencv_face.4.6.0.dylib */,
				F97C5C99293C98A200F0C8E0 /* libopencv_features2d.4.6.0.dylib */,
				F97C5CA8293C98A300F0C8E0 /* libopencv_flann.4.6.0.dylib */,
				F97C5C96293C98A000F0C8E0 /* libopencv_freetype.4.6.0.dylib */,
				F97C5C98293C98A200F0C8E0 /* libopencv_fuzzy.4.6.0.dylib */,
				F97C5CC3293C98A900F0C8E0 /* libopencv_gapi.4.6.0.dylib */,
				F97C5CA7293C98A300F0C8E0 /* libopencv_hfs.4.6.0.dylib */,
				F97C5CD1293C98AA00F0C8E0 /* libopencv_highgui.4.6.0.dylib */,
				F97C5CBA293C98A800F0C8E0 /* libopencv_img_hash.4.6.0.dylib */,
				F97C5C9A293C98A200F0C8E0 /* libopencv_imgcodecs.4.6.0.dylib */,
				F97C5CAE293C98A400F0C8E0 /* libopencv_imgproc.4.6.0.dylib */,
				F97C5CBF293C98A800F0C8E0 /* libopencv_intensity_transform.4.6.0.dylib */,
				F97C5CAD293C98A400F0C8E0 /* libopencv_line_descriptor.4.6.0.dylib */,
				F97C5CBE293C98A800F0C8E0 /* libopencv_mcc.4.6.0.dylib */,
				F97C5CD5293C98AA00F0C8E0 /* libopencv_ml.4.6.0.dylib */,
				F97C5CB2293C98A700F0C8E0 /* libopencv_objdetect.4.6.0.dylib */,
				F97C5CB6293C98A700F0C8E0 /* libopencv_optflow.4.6.0.dylib */,
				F97C5CD4293C98AA00F0C8E0 /* libopencv_phase_unwrapping.4.6.0.dylib */,
				F97C5CD6293C98AA00F0C8E0 /* libopencv_photo.4.6.0.dylib */,
				F97C5CAA293C98A400F0C8E0 /* libopencv_plot.4.6.0.dylib */,
				F97C5CC9293C98A900F0C8E0 /* libopencv_quality.4.6.0.dylib */,
				F97C5CC7293C98A900F0C8E0 /* libopencv_rapid.4.6.0.dylib */,
				F97C5CD0293C98AA00F0C8E0 /* libopencv_reg.4.6.0.dylib */,
				F97C5CDF293C98AB00F0C8E0 /* libopencv_rgbd.4.6.0.dylib */,
				F97C5CAC293C98A400F0C8E0 /* libopencv_saliency.4.6.0.dylib */,
				F97C5CAF293C98A600F0C8E0 /* libopencv_sfm.4.6.0.dylib */,
				F97C5CCA293C98A900F0C8E0 /* libopencv_shape.4.6.0.dylib */,
				F97C5CDD293C98AB00F0C8E0 /* libopencv_stereo.4.6.0.dylib */,
				F97C5C9F293C98A300F0C8E0 /* libopencv_stitching.4.6.0.dylib */,
				F97C5CCF293C98AA00F0C8E0 /* libopencv_structured_light.4.6.0.dylib */,
				F97C5CBC293C98A800F0C8E0 /* libopencv_superres.4.6.0.dylib */,
				F97C5C9B293C98A200F0C8E0 /* libopencv_surface_matching.4.6.0.dylib */,
				F97C5CB9293C98A800F0C8E0 /* libopencv_text.4.6.0.dylib */,
				F97C5CDC293C98AB00F0C8E0 /* libopencv_tracking.4.6.0.dylib */,
				F97C5CDA293C98AB00F0C8E0 /* libopencv_video.4.6.0.dylib */,
				F97C5CDE293C98AB00F0C8E0 /* libopencv_videoio.4.6.0.dylib */,
				F97C5CC4293C98A900F0C8E0 /* libopencv_videostab.4.6.0.dylib */,
				F97C5CCD293C98AA00F0C8E0 /* libopencv_viz.4.6.0.dylib */,
				F97C5CC1293C98A800F0C8E0 /* libopencv_wechat_qrcode.4.6.0.dylib */,
				F97C5CD2293C98AA00F0C8E0 /* libopencv_xfeatures2d.4.6.0.dylib */,
				F97C5CA3293C98A300F0C8E0 /* libopencv_ximgproc.4.6.0.dylib */,
				F97C5CB5293C98A700F0C8E0 /* libopencv_xobjdetect.4.6.0.dylib */,
				F97C5CA2293C98A300F0C8E0 /* libopencv_xphoto.4.6.0.dylib */,
			);
			name = lib;
			sourceTree = "<group>";
		};
/* End PBXGroup section */

/* Begin PBXNativeTarget section */
		F964595D293C948400AA995B /* Assignment1 */ = {
			isa = PBXNativeTarget;
			buildConfigurationList = F9645965293C948500AA995B /* Build configuration list for PBXNativeTarget "Assignment1" */;
			buildPhases = (
				F964595A293C948400AA995B /* Sources */,
				F964595B293C948400AA995B /* Frameworks */,
				F964595C293C948400AA995B /* CopyFiles */,
			);
			buildRules = (
			);
			dependencies = (
			);
			name = Assignment1;
			productName = Assignment1;
			productReference = F964595E293C948400AA995B /* Assignment1 */;
			productType = "com.apple.product-type.tool";
		};
/* End PBXNativeTarget section */

/* Begin PBXProject section */
		F9645956293C948400AA995B /* Project object */ = {
			isa = PBXProject;
			attributes = {
				BuildIndependentTargetsInParallel = 1;
				LastUpgradeCheck = 1410;
				TargetAttributes = {
					F964595D293C948400AA995B = {
						CreatedOnToolsVersion = 14.1;
					};
				};
			};
			buildConfigurationList = F9645959293C948400AA995B /* Build configuration list for PBXProject "Assignment1" */;
			compatibilityVersion = "Xcode 14.0";
			developmentRegion = en;
			hasScannedForEncodings = 0;
			knownRegions = (
				en,
				Base,
			);
			mainGroup = F9645955293C948400AA995B;
			productRefGroup = F964595F293C948400AA995B /* Products */;
			projectDirPath = "";
			projectRoot = "";
			targets = (
				F964595D293C948400AA995B /* Assignment1 */,
			);
		};
/* End PBXProject section */

/* Begin PBXSourcesBuildPhase section */
		F964595A293C948400AA995B /* Sources */ = {
			isa = PBXSourcesBuildPhase;
			buildActionMask = 2147483647;
			files = (
				F9645962293C948500AA995B /* main.cpp in Sources */,
				F964596D293C94BC00AA995B /* Triangle.cpp in Sources */,
				F964596E293C94BC00AA995B /* rasterizer.cpp in Sources */,
			);
			runOnlyForDeploymentPostprocessing = 0;
		};
/* End PBXSourcesBuildPhase section */

/* Begin XCBuildConfiguration section */
		F9645963293C948500AA995B /* Debug */ = {
			isa = XCBuildConfiguration;
			buildSettings = {
				ALWAYS_SEARCH_USER_PATHS = NO;
				CLANG_ANALYZER_NONNULL = YES;
				CLANG_ANALYZER_NUMBER_OBJECT_CONVERSION = YES_AGGRESSIVE;
				CLANG_CXX_LANGUAGE_STANDARD = "gnu++20";
				CLANG_ENABLE_MODULES = YES;
				CLANG_ENABLE_OBJC_ARC = YES;
				CLANG_ENABLE_OBJC_WEAK = YES;
				CLANG_WARN_BLOCK_CAPTURE_AUTORELEASING = YES;
				CLANG_WARN_BOOL_CONVERSION = YES;
				CLANG_WARN_COMMA = YES;
				CLANG_WARN_CONSTANT_CONVERSION = YES;
				CLANG_WARN_DEPRECATED_OBJC_IMPLEMENTATIONS = YES;
				CLANG_WARN_DIRECT_OBJC_ISA_USAGE = YES_ERROR;
				CLANG_WARN_DOCUMENTATION_COMMENTS = YES;
				CLANG_WARN_EMPTY_BODY = YES;
				CLANG_WARN_ENUM_CONVERSION = YES;
				CLANG_WARN_INFINITE_RECURSION = YES;
				CLANG_WARN_INT_CONVERSION = YES;
				CLANG_WARN_NON_LITERAL_NULL_CONVERSION = YES;
				CLANG_WARN_OBJC_IMPLICIT_RETAIN_SELF = YES;
				CLANG_WARN_OBJC_LITERAL_CONVERSION = YES;
				CLANG_WARN_OBJC_ROOT_CLASS = YES_ERROR;
				CLANG_WARN_QUOTED_INCLUDE_IN_FRAMEWORK_HEADER = YES;
				CLANG_WARN_RANGE_LOOP_ANALYSIS = YES;
				CLANG_WARN_STRICT_PROTOTYPES = YES;
				CLANG_WARN_SUSPICIOUS_MOVE = YES;
				CLANG_WARN_UNGUARDED_AVAILABILITY = YES_AGGRESSIVE;
				CLANG_WARN_UNREACHABLE_CODE = YES;
				CLANG_WARN__DUPLICATE_METHOD_MATCH = YES;
				COPY_PHASE_STRIP = NO;
				DEBUG_INFORMATION_FORMAT = dwarf;
				ENABLE_STRICT_OBJC_MSGSEND = YES;
				ENABLE_TESTABILITY = YES;
				GCC_C_LANGUAGE_STANDARD = gnu11;
				GCC_DYNAMIC_NO_PIC = NO;
				GCC_NO_COMMON_BLOCKS = YES;
				GCC_OPTIMIZATION_LEVEL = 0;
				GCC_PREPROCESSOR_DEFINITIONS = (
					"DEBUG=1",
					"$(inherited)",
				);
				GCC_WARN_64_TO_32_BIT_CONVERSION = YES;
				GCC_WARN_ABOUT_RETURN_TYPE = YES_ERROR;
				GCC_WARN_UNDECLARED_SELECTOR = YES;
				GCC_WARN_UNINITIALIZED_AUTOS = YES_AGGRESSIVE;
				GCC_WARN_UNUSED_FUNCTION = YES;
				GCC_WARN_UNUSED_VARIABLE = YES;
				MACOSX_DEPLOYMENT_TARGET = 12.6;
				MTL_ENABLE_DEBUG_INFO = INCLUDE_SOURCE;
				MTL_FAST_MATH = YES;
				ONLY_ACTIVE_ARCH = YES;
				SDKROOT = macosx;
			};
			name = Debug;
		};
		F9645964293C948500AA995B /* Release */ = {
			isa = XCBuildConfiguration;
			buildSettings = {
				ALWAYS_SEARCH_USER_PATHS = NO;
				CLANG_ANALYZER_NONNULL = YES;
				CLANG_ANALYZER_NUMBER_OBJECT_CONVERSION = YES_AGGRESSIVE;
				CLANG_CXX_LANGUAGE_STANDARD = "gnu++20";
				CLANG_ENABLE_MODULES = YES;
				CLANG_ENABLE_OBJC_ARC = YES;
				CLANG_ENABLE_OBJC_WEAK = YES;
				CLANG_WARN_BLOCK_CAPTURE_AUTORELEASING = YES;
				CLANG_WARN_BOOL_CONVERSION = YES;
				CLANG_WARN_COMMA = YES;
				CLANG_WARN_CONSTANT_CONVERSION = YES;
				CLANG_WARN_DEPRECATED_OBJC_IMPLEMENTATIONS = YES;
				CLANG_WARN_DIRECT_OBJC_ISA_USAGE = YES_ERROR;
				CLANG_WARN_DOCUMENTATION_COMMENTS = YES;
				CLANG_WARN_EMPTY_BODY = YES;
				CLANG_WARN_ENUM_CONVERSION = YES;
				CLANG_WARN_INFINITE_RECURSION = YES;
				CLANG_WARN_INT_CONVERSION = YES;
				CLANG_WARN_NON_LITERAL_NULL_CONVERSION = YES;
				CLANG_WARN_OBJC_IMPLICIT_RETAIN_SELF = YES;
				CLANG_WARN_OBJC_LITERAL_CONVERSION = YES;
				CLANG_WARN_OBJC_ROOT_CLASS = YES_ERROR;
				CLANG_WARN_QUOTED_INCLUDE_IN_FRAMEWORK_HEADER = YES;
				CLANG_WARN_RANGE_LOOP_ANALYSIS = YES;
				CLANG_WARN_STRICT_PROTOTYPES = YES;
				CLANG_WARN_SUSPICIOUS_MOVE = YES;
				CLANG_WARN_UNGUARDED_AVAILABILITY = YES_AGGRESSIVE;
				CLANG_WARN_UNREACHABLE_CODE = YES;
				CLANG_WARN__DUPLICATE_METHOD_MATCH = YES;
				COPY_PHASE_STRIP = NO;
				DEBUG_INFORMATION_FORMAT = "dwarf-with-dsym";
				ENABLE_NS_ASSERTIONS = NO;
				ENABLE_STRICT_OBJC_MSGSEND = YES;
				GCC_C_LANGUAGE_STANDARD = gnu11;
				GCC_NO_COMMON_BLOCKS = YES;
				GCC_WARN_64_TO_32_BIT_CONVERSION = YES;
				GCC_WARN_ABOUT_RETURN_TYPE = YES_ERROR;
				GCC_WARN_UNDECLARED_SELECTOR = YES;
				GCC_WARN_UNINITIALIZED_AUTOS = YES_AGGRESSIVE;
				GCC_WARN_UNUSED_FUNCTION = YES;
				GCC_WARN_UNUSED_VARIABLE = YES;
				MACOSX_DEPLOYMENT_TARGET = 12.6;
				MTL_ENABLE_DEBUG_INFO = NO;
				MTL_FAST_MATH = YES;
				SDKROOT = macosx;
			};
			name = Release;
		};
		F9645966293C948500AA995B /* Debug */ = {
			isa = XCBuildConfiguration;
			buildSettings = {
				CODE_SIGN_STYLE = Automatic;
				DEVELOPMENT_TEAM = 2DK2X86C3K;
				ENABLE_HARDENED_RUNTIME = YES;
				HEADER_SEARCH_PATHS = (
					"$(OPENCV_HEADER_DIR)",
					"$(EIGEN_HEADER_DIR)",
				);
				LIBRARY_SEARCH_PATHS = (
					"$(OPENCV_LIBRARY_DIR)",
					/usr/local/Cellar/opencv/4.6.0/lib,
				);
				PRODUCT_NAME = "$(TARGET_NAME)";
			};
			name = Debug;
		};
		F9645967293C948500AA995B /* Release */ = {
			isa = XCBuildConfiguration;
			buildSettings = {
				CODE_SIGN_STYLE = Automatic;
				DEVELOPMENT_TEAM = 2DK2X86C3K;
				ENABLE_HARDENED_RUNTIME = YES;
				HEADER_SEARCH_PATHS = (
					"$(OPENCV_HEADER_DIR)",
					"$(EIGEN_HEADER_DIR)",
				);
				LIBRARY_SEARCH_PATHS = (
					"$(OPENCV_LIBRARY_DIR)",
					/usr/local/Cellar/opencv/4.6.0/lib,
				);
				PRODUCT_NAME = "$(TARGET_NAME)";
			};
			name = Release;
		};
/* End XCBuildConfiguration section */

/* Begin XCConfigurationList section */
		F9645959293C948400AA995B /* Build configuration list for PBXProject "Assignment1" */ = {
			isa = XCConfigurationList;
			buildConfigurations = (
				F9645963293C948500AA995B /* Debug */,
				F9645964293C948500AA995B /* Release */,
			);
			defaultConfigurationIsVisible = 0;
			defaultConfigurationName = Release;
		};
		F9645965293C948500AA995B /* Build configuration list for PBXNativeTarget "Assignment1" */ = {
			isa = XCConfigurationList;
			buildConfigurations = (
				F9645966293C948500AA995B /* Debug */,
				F9645967293C948500AA995B /* Release */,
			);
			defaultConfigurationIsVisible = 0;
			defaultConfigurationName = Release;
		};
/* End XCConfigurationList section */
	};
	rootObject = F9645956293C948400AA995B /* Project object */;
}
